
Microsoft Visual Studio Solution File, Format Version 12.00
# Visual Studio Version 16
VisualStudioVersion = 16.0.30621.155
MinimumVisualStudioVersion = 10.0.40219.1
Project("{9A19103F-16F7-4668-BE54-9A1E7A4F7556}") = "Kurs", "Kurs\Kurs.csproj", "{04D8A507-2DCD-4633-8284-E932EDD118DE}"
EndProject
Global
	GlobalSection(SolutionConfigurationPlatforms) = preSolution
		Debug|Any CPU = Debug|Any CPU
		Release|Any CPU = Release|Any CPU
	EndGlobalSection
	GlobalSection(ProjectConfigurationPlatforms) = postSolution
		{04D8A507-2DCD-4633-8284-E932EDD118DE}.Debug|Any CPU.ActiveCfg = Debug|Any CPU
		{04D8A507-2DCD-4633-8284-E932EDD118DE}.Debug|Any CPU.Build.0 = Debug|Any CPU
		{04D8A507-2DCD-4633-8284-E932EDD118DE}.Release|Any CPU.ActiveCfg = Release|Any CPU
		{04D8A507-2DCD-4633-8284-E932EDD118DE}.Release|Any CPU.Build.0 = Release|Any CPU
	EndGlobalSection
	GlobalSection(SolutionProperties) = preSolution
		HideSolutionNode = FALSE
	EndGlobalSection
	GlobalSection(ExtensibilityGlobals) = postSolution
		SolutionGuid = {C8B712A7-CD1A-4706-B8E9-400157F781AF}
	EndGlobalSection
EndGlobal
